
Microsoft Visual Studio Solution File, Format Version 12.00
# Visual Studio 15
VisualStudioVersion = 15.0.28307.271
MinimumVisualStudioVersion = 10.0.40219.1
Project("{FAE04EC0-301F-11D3-BF4B-00C04F79EFBC}") = "JsonBUS.demo", "JsonBUS.demo\JsonBUS.demo.csproj", "{6A9CD079-8935-485A-87CA-68190F99215E}"
EndProject
Project("{FAE04EC0-301F-11D3-BF4B-00C04F79EFBC}") = "JsonBUS.client.InstrumentCluster", "JsonBUS.client.InstrumentCluster\JsonBUS.client.InstrumentCluster.csproj", "{868B4F3D-D59A-47B5-A3A2-5CE8441B00A1}"
EndProject
Project("{FAE04EC0-301F-11D3-BF4B-00C04F79EFBC}") = "SCSSdkClient.Demo", "scs-sdk-plugin\scs-client\C#\SCSSdkClient.Demo\SCSSdkClient.Demo\SCSSdkClient.Demo.csproj", "{8C5B8E63-E30D-4A5A-9729-05B593B12448}"
EndProject
Project("{FAE04EC0-301F-11D3-BF4B-00C04F79EFBC}") = "JsonBUS.manager", "JsonBUS.manager.ETS2\JsonBUS.manager.csproj", "{25832229-3D2D-4F64-8F6B-85C72F6B73A6}"
EndProject
Global
	GlobalSection(SolutionConfigurationPlatforms) = preSolution
		Debug|Any CPU = Debug|Any CPU
		Debug|x64 = Debug|x64
		Debug|x86 = Debug|x86
		Release|Any CPU = Release|Any CPU
		Release|x64 = Release|x64
		Release|x86 = Release|x86
	EndGlobalSection
	GlobalSection(ProjectConfigurationPlatforms) = postSolution
		{6A9CD079-8935-485A-87CA-68190F99215E}.Debug|Any CPU.ActiveCfg = Debug|Any CPU
		{6A9CD079-8935-485A-87CA-68190F99215E}.Debug|Any CPU.Build.0 = Debug|Any CPU
		{6A9CD079-8935-485A-87CA-68190F99215E}.Debug|x64.ActiveCfg = Debug|Any CPU
		{6A9CD079-8935-485A-87CA-68190F99215E}.Debug|x64.Build.0 = Debug|Any CPU
		{6A9CD079-8935-485A-87CA-68190F99215E}.Debug|x86.ActiveCfg = Debug|Any CPU
		{6A9CD079-8935-485A-87CA-68190F99215E}.Debug|x86.Build.0 = Debug|Any CPU
		{6A9CD079-8935-485A-87CA-68190F99215E}.Release|Any CPU.ActiveCfg = Release|Any CPU
		{6A9CD079-8935-485A-87CA-68190F99215E}.Release|Any CPU.Build.0 = Release|Any CPU
		{6A9CD079-8935-485A-87CA-68190F99215E}.Release|x64.ActiveCfg = Release|Any CPU
		{6A9CD079-8935-485A-87CA-68190F99215E}.Release|x64.Build.0 = Release|Any CPU
		{6A9CD079-8935-485A-87CA-68190F99215E}.Release|x86.ActiveCfg = Release|Any CPU
		{6A9CD079-8935-485A-87CA-68190F99215E}.Release|x86.Build.0 = Release|Any CPU
		{868B4F3D-D59A-47B5-A3A2-5CE8441B00A1}.Debug|Any CPU.ActiveCfg = Debug|x86
		{868B4F3D-D59A-47B5-A3A2-5CE8441B00A1}.Debug|x64.ActiveCfg = Debug|x86
		{868B4F3D-D59A-47B5-A3A2-5CE8441B00A1}.Debug|x86.ActiveCfg = Debug|x86
		{868B4F3D-D59A-47B5-A3A2-5CE8441B00A1}.Debug|x86.Build.0 = Debug|x86
		{868B4F3D-D59A-47B5-A3A2-5CE8441B00A1}.Release|Any CPU.ActiveCfg = Debug|x86
		{868B4F3D-D59A-47B5-A3A2-5CE8441B00A1}.Release|Any CPU.Build.0 = Debug|x86
		{868B4F3D-D59A-47B5-A3A2-5CE8441B00A1}.Release|x64.ActiveCfg = Debug|x86
		{868B4F3D-D59A-47B5-A3A2-5CE8441B00A1}.Release|x64.Build.0 = Debug|x86
		{868B4F3D-D59A-47B5-A3A2-5CE8441B00A1}.Release|x86.ActiveCfg = Debug|x86
		{868B4F3D-D59A-47B5-A3A2-5CE8441B00A1}.Release|x86.Build.0 = Debug|x86
		{8C5B8E63-E30D-4A5A-9729-05B593B12448}.Debug|Any CPU.ActiveCfg = Debug|Any CPU
		{8C5B8E63-E30D-4A5A-9729-05B593B12448}.Debug|Any CPU.Build.0 = Debug|Any CPU
		{8C5B8E63-E30D-4A5A-9729-05B593B12448}.Debug|x64.ActiveCfg = Debug|Any CPU
		{8C5B8E63-E30D-4A5A-9729-05B593B12448}.Debug|x64.Build.0 = Debug|Any CPU
		{8C5B8E63-E30D-4A5A-9729-05B593B12448}.Debug|x86.ActiveCfg = Debug|Any CPU
		{8C5B8E63-E30D-4A5A-9729-05B593B12448}.Debug|x86.Build.0 = Debug|Any CPU
		{8C5B8E63-E30D-4A5A-9729-05B593B12448}.Release|Any CPU.ActiveCfg = Release|Any CPU
		{8C5B8E63-E30D-4A5A-9729-05B593B12448}.Release|Any CPU.Build.0 = Release|Any CPU
		{8C5B8E63-E30D-4A5A-9729-05B593B12448}.Release|x64.ActiveCfg = Release|Any CPU
		{8C5B8E63-E30D-4A5A-9729-05B593B12448}.Release|x64.Build.0 = Release|Any CPU
		{8C5B8E63-E30D-4A5A-9729-05B593B12448}.Release|x86.ActiveCfg = Release|Any CPU
		{8C5B8E63-E30D-4A5A-9729-05B593B12448}.Release|x86.Build.0 = Release|Any CPU
		{25832229-3D2D-4F64-8F6B-85C72F6B73A6}.Debug|Any CPU.ActiveCfg = Debug|Any CPU
		{25832229-3D2D-4F64-8F6B-85C72F6B73A6}.Debug|Any CPU.Build.0 = Debug|Any CPU
		{25832229-3D2D-4F64-8F6B-85C72F6B73A6}.Debug|x64.ActiveCfg = Debug|Any CPU
		{25832229-3D2D-4F64-8F6B-85C72F6B73A6}.Debug|x64.Build.0 = Debug|Any CPU
		{25832229-3D2D-4F64-8F6B-85C72F6B73A6}.Debug|x86.ActiveCfg = Debug|Any CPU
		{25832229-3D2D-4F64-8F6B-85C72F6B73A6}.Debug|x86.Build.0 = Debug|Any CPU
		{25832229-3D2D-4F64-8F6B-85C72F6B73A6}.Release|Any CPU.ActiveCfg = Release|Any CPU
		{25832229-3D2D-4F64-8F6B-85C72F6B73A6}.Release|Any CPU.Build.0 = Release|Any CPU
		{25832229-3D2D-4F64-8F6B-85C72F6B73A6}.Release|x64.ActiveCfg = Release|Any CPU
		{25832229-3D2D-4F64-8F6B-85C72F6B73A6}.Release|x64.Build.0 = Release|Any CPU
		{25832229-3D2D-4F64-8F6B-85C72F6B73A6}.Release|x86.ActiveCfg = Release|Any CPU
		{25832229-3D2D-4F64-8F6B-85C72F6B73A6}.Release|x86.Build.0 = Release|Any CPU
	EndGlobalSection
	GlobalSection(SolutionProperties) = preSolution
		HideSolutionNode = FALSE
	EndGlobalSection
	GlobalSection(ExtensibilityGlobals) = postSolution
		SolutionGuid = {AD66D800-711F-45D9-ABEF-3E9D5E8ACAEF}
	EndGlobalSection
EndGlobal
